
Microsoft Visual Studio Solution File, Format Version 12.00
# Visual Studio Version 16
VisualStudioVersion = 16.0.31025.194
MinimumVisualStudioVersion = 10.0.40219.1
Project("{FAE04EC0-301F-11D3-BF4B-00C04F79EFBC}") = "Opdracht 3, Rectangle", "Opdracht 3, Rectangle\Opdracht 3, Rectangle.csproj", "{7B630513-48A7-465B-9881-72E0CC037012}"
EndProject
Global
	GlobalSection(SolutionConfigurationPlatforms) = preSolution
		Debug|Any CPU = Debug|Any CPU
		Release|Any CPU = Release|Any CPU
	EndGlobalSection
	GlobalSection(ProjectConfigurationPlatforms) = postSolution
		{7B630513-48A7-465B-9881-72E0CC037012}.Debug|Any CPU.ActiveCfg = Debug|Any CPU
		{7B630513-48A7-465B-9881-72E0CC037012}.Debug|Any CPU.Build.0 = Debug|Any CPU
		{7B630513-48A7-465B-9881-72E0CC037012}.Release|Any CPU.ActiveCfg = Release|Any CPU
		{7B630513-48A7-465B-9881-72E0CC037012}.Release|Any CPU.Build.0 = Release|Any CPU
	EndGlobalSection
	GlobalSection(SolutionProperties) = preSolution
		HideSolutionNode = FALSE
	EndGlobalSection
	GlobalSection(ExtensibilityGlobals) = postSolution
		SolutionGuid = {5357AE8F-B1E1-4732-AF97-5B02278770C9}
	EndGlobalSection
EndGlobal
