
Microsoft Visual Studio Solution File, Format Version 12.00
# Visual Studio Version 16
VisualStudioVersion = 16.0.31025.194
MinimumVisualStudioVersion = 10.0.40219.1
Project("{FAE04EC0-301F-11D3-BF4B-00C04F79EFBC}") = "Opdracht2", "Opdracht2\Opdracht2.csproj", "{4C041723-2498-45D4-9303-D47955082242}"
EndProject
Global
	GlobalSection(SolutionConfigurationPlatforms) = preSolution
		Debug|Any CPU = Debug|Any CPU
		Release|Any CPU = Release|Any CPU
	EndGlobalSection
	GlobalSection(ProjectConfigurationPlatforms) = postSolution
		{4C041723-2498-45D4-9303-D47955082242}.Debug|Any CPU.ActiveCfg = Debug|Any CPU
		{4C041723-2498-45D4-9303-D47955082242}.Debug|Any CPU.Build.0 = Debug|Any CPU
		{4C041723-2498-45D4-9303-D47955082242}.Release|Any CPU.ActiveCfg = Release|Any CPU
		{4C041723-2498-45D4-9303-D47955082242}.Release|Any CPU.Build.0 = Release|Any CPU
	EndGlobalSection
	GlobalSection(SolutionProperties) = preSolution
		HideSolutionNode = FALSE
	EndGlobalSection
	GlobalSection(ExtensibilityGlobals) = postSolution
		SolutionGuid = {A343C42A-2F4F-4A8A-AB4D-C476768ABC75}
	EndGlobalSection
EndGlobal
