
Microsoft Visual Studio Solution File, Format Version 12.00
# Visual Studio Version 16
VisualStudioVersion = 16.0.31025.194
MinimumVisualStudioVersion = 10.0.40219.1
Project("{FAE04EC0-301F-11D3-BF4B-00C04F79EFBC}") = "Inheritans2", "Inheritans2\Inheritans2.csproj", "{382B00DF-CF1F-4452-9286-D13CFC96C131}"
EndProject
Global
	GlobalSection(SolutionConfigurationPlatforms) = preSolution
		Debug|Any CPU = Debug|Any CPU
		Release|Any CPU = Release|Any CPU
	EndGlobalSection
	GlobalSection(ProjectConfigurationPlatforms) = postSolution
		{382B00DF-CF1F-4452-9286-D13CFC96C131}.Debug|Any CPU.ActiveCfg = Debug|Any CPU
		{382B00DF-CF1F-4452-9286-D13CFC96C131}.Debug|Any CPU.Build.0 = Debug|Any CPU
		{382B00DF-CF1F-4452-9286-D13CFC96C131}.Release|Any CPU.ActiveCfg = Release|Any CPU
		{382B00DF-CF1F-4452-9286-D13CFC96C131}.Release|Any CPU.Build.0 = Release|Any CPU
	EndGlobalSection
	GlobalSection(SolutionProperties) = preSolution
		HideSolutionNode = FALSE
	EndGlobalSection
	GlobalSection(ExtensibilityGlobals) = postSolution
		SolutionGuid = {DD43C082-E4DA-4C0D-99D5-AC40F92D6133}
	EndGlobalSection
EndGlobal
